
Microsoft Visual Studio Solution File, Format Version 11.00
# Visual Studio 2010
Project("{FAE04EC0-301F-11D3-BF4B-00C04F79EFBC}") = "S2MuninPlugin", "S2MuninPlugin\S2MuninPlugin.csproj", "{CEB03CA6-07EB-447A-B337-6DEC877F483E}"
EndProject
Project("{FAE04EC0-301F-11D3-BF4B-00C04F79EFBC}") = "S2MuninService", "S2MuninService\S2MuninService.csproj", "{48B0072D-A517-4C68-BEBE-E257E502FC3B}"
EndProject
Project("{2150E333-8FDC-42A3-9474-1A3956D46DE8}") = "Common", "Common", "{84BE0C59-DB58-4B81-8AC2-46359E05C631}"
EndProject
Project("{FAE04EC0-301F-11D3-BF4B-00C04F79EFBC}") = "S2Munin.Debug", "S2Munin.Debug\S2Munin.Debug.csproj", "{F9A5A6B4-AE84-43E2-A10C-ED94B9E11094}"
EndProject
Project("{2150E333-8FDC-42A3-9474-1A3956D46DE8}") = "Plugins", "Plugins", "{20789ED6-82AE-4ACD-B1A0-0765004709BC}"
EndProject
Project("{FAE04EC0-301F-11D3-BF4B-00C04F79EFBC}") = "CorePlugin", "CorePlugin\CorePlugin.csproj", "{699DE579-A19E-4E7D-A154-92C8213809B1}"
EndProject
Project("{FAE04EC0-301F-11D3-BF4B-00C04F79EFBC}") = "PerformanceCounterPlugin", "PerformanceCounterPlugin\PerformanceCounterPlugin.csproj", "{4CA88F08-EB11-4E84-B6ED-D7DB8A2577C4}"
EndProject
Project("{FAE04EC0-301F-11D3-BF4B-00C04F79EFBC}") = "PowerShellPlugin", "PowerShellPlugin\PowerShellPlugin.csproj", "{C569E064-6B9E-42B7-A516-348DCC371684}"
EndProject
Project("{930C7802-8A8C-48F9-8165-68863BCCD9DD}") = "S2MuninSetup", "S2MuninSetup\S2MuninSetup.wixproj", "{7B04E541-725C-48D2-A98A-F2E967BA9045}"
EndProject
Global
	GlobalSection(SolutionConfigurationPlatforms) = preSolution
		Debug|Any CPU = Debug|Any CPU
		Debug|Mixed Platforms = Debug|Mixed Platforms
		Debug|x86 = Debug|x86
		Release|Any CPU = Release|Any CPU
		Release|Mixed Platforms = Release|Mixed Platforms
		Release|x86 = Release|x86
	EndGlobalSection
	GlobalSection(ProjectConfigurationPlatforms) = postSolution
		{CEB03CA6-07EB-447A-B337-6DEC877F483E}.Debug|Any CPU.ActiveCfg = Debug|Any CPU
		{CEB03CA6-07EB-447A-B337-6DEC877F483E}.Debug|Any CPU.Build.0 = Debug|Any CPU
		{CEB03CA6-07EB-447A-B337-6DEC877F483E}.Debug|Mixed Platforms.ActiveCfg = Debug|Any CPU
		{CEB03CA6-07EB-447A-B337-6DEC877F483E}.Debug|Mixed Platforms.Build.0 = Debug|Any CPU
		{CEB03CA6-07EB-447A-B337-6DEC877F483E}.Debug|x86.ActiveCfg = Debug|Any CPU
		{CEB03CA6-07EB-447A-B337-6DEC877F483E}.Release|Any CPU.ActiveCfg = Release|Any CPU
		{CEB03CA6-07EB-447A-B337-6DEC877F483E}.Release|Any CPU.Build.0 = Release|Any CPU
		{CEB03CA6-07EB-447A-B337-6DEC877F483E}.Release|Mixed Platforms.ActiveCfg = Release|Any CPU
		{CEB03CA6-07EB-447A-B337-6DEC877F483E}.Release|Mixed Platforms.Build.0 = Release|Any CPU
		{CEB03CA6-07EB-447A-B337-6DEC877F483E}.Release|x86.ActiveCfg = Release|Any CPU
		{48B0072D-A517-4C68-BEBE-E257E502FC3B}.Debug|Any CPU.ActiveCfg = Debug|Any CPU
		{48B0072D-A517-4C68-BEBE-E257E502FC3B}.Debug|Any CPU.Build.0 = Debug|Any CPU
		{48B0072D-A517-4C68-BEBE-E257E502FC3B}.Debug|Mixed Platforms.ActiveCfg = Debug|Any CPU
		{48B0072D-A517-4C68-BEBE-E257E502FC3B}.Debug|Mixed Platforms.Build.0 = Debug|Any CPU
		{48B0072D-A517-4C68-BEBE-E257E502FC3B}.Debug|x86.ActiveCfg = Debug|Any CPU
		{48B0072D-A517-4C68-BEBE-E257E502FC3B}.Release|Any CPU.ActiveCfg = Release|Any CPU
		{48B0072D-A517-4C68-BEBE-E257E502FC3B}.Release|Any CPU.Build.0 = Release|Any CPU
		{48B0072D-A517-4C68-BEBE-E257E502FC3B}.Release|Mixed Platforms.ActiveCfg = Release|Any CPU
		{48B0072D-A517-4C68-BEBE-E257E502FC3B}.Release|Mixed Platforms.Build.0 = Release|Any CPU
		{48B0072D-A517-4C68-BEBE-E257E502FC3B}.Release|x86.ActiveCfg = Release|Any CPU
		{F9A5A6B4-AE84-43E2-A10C-ED94B9E11094}.Debug|Any CPU.ActiveCfg = Debug|x86
		{F9A5A6B4-AE84-43E2-A10C-ED94B9E11094}.Debug|Mixed Platforms.ActiveCfg = Debug|x86
		{F9A5A6B4-AE84-43E2-A10C-ED94B9E11094}.Debug|Mixed Platforms.Build.0 = Debug|x86
		{F9A5A6B4-AE84-43E2-A10C-ED94B9E11094}.Debug|x86.ActiveCfg = Debug|x86
		{F9A5A6B4-AE84-43E2-A10C-ED94B9E11094}.Debug|x86.Build.0 = Debug|x86
		{F9A5A6B4-AE84-43E2-A10C-ED94B9E11094}.Release|Any CPU.ActiveCfg = Release|x86
		{F9A5A6B4-AE84-43E2-A10C-ED94B9E11094}.Release|Mixed Platforms.ActiveCfg = Release|x86
		{F9A5A6B4-AE84-43E2-A10C-ED94B9E11094}.Release|Mixed Platforms.Build.0 = Release|x86
		{F9A5A6B4-AE84-43E2-A10C-ED94B9E11094}.Release|x86.ActiveCfg = Release|x86
		{F9A5A6B4-AE84-43E2-A10C-ED94B9E11094}.Release|x86.Build.0 = Release|x86
		{699DE579-A19E-4E7D-A154-92C8213809B1}.Debug|Any CPU.ActiveCfg = Debug|Any CPU
		{699DE579-A19E-4E7D-A154-92C8213809B1}.Debug|Any CPU.Build.0 = Debug|Any CPU
		{699DE579-A19E-4E7D-A154-92C8213809B1}.Debug|Mixed Platforms.ActiveCfg = Debug|Any CPU
		{699DE579-A19E-4E7D-A154-92C8213809B1}.Debug|Mixed Platforms.Build.0 = Debug|Any CPU
		{699DE579-A19E-4E7D-A154-92C8213809B1}.Debug|x86.ActiveCfg = Debug|Any CPU
		{699DE579-A19E-4E7D-A154-92C8213809B1}.Release|Any CPU.ActiveCfg = Release|Any CPU
		{699DE579-A19E-4E7D-A154-92C8213809B1}.Release|Any CPU.Build.0 = Release|Any CPU
		{699DE579-A19E-4E7D-A154-92C8213809B1}.Release|Mixed Platforms.ActiveCfg = Release|Any CPU
		{699DE579-A19E-4E7D-A154-92C8213809B1}.Release|Mixed Platforms.Build.0 = Release|Any CPU
		{699DE579-A19E-4E7D-A154-92C8213809B1}.Release|x86.ActiveCfg = Release|Any CPU
		{4CA88F08-EB11-4E84-B6ED-D7DB8A2577C4}.Debug|Any CPU.ActiveCfg = Debug|Any CPU
		{4CA88F08-EB11-4E84-B6ED-D7DB8A2577C4}.Debug|Any CPU.Build.0 = Debug|Any CPU
		{4CA88F08-EB11-4E84-B6ED-D7DB8A2577C4}.Debug|Mixed Platforms.ActiveCfg = Debug|Any CPU
		{4CA88F08-EB11-4E84-B6ED-D7DB8A2577C4}.Debug|Mixed Platforms.Build.0 = Debug|Any CPU
		{4CA88F08-EB11-4E84-B6ED-D7DB8A2577C4}.Debug|x86.ActiveCfg = Debug|Any CPU
		{4CA88F08-EB11-4E84-B6ED-D7DB8A2577C4}.Release|Any CPU.ActiveCfg = Release|Any CPU
		{4CA88F08-EB11-4E84-B6ED-D7DB8A2577C4}.Release|Any CPU.Build.0 = Release|Any CPU
		{4CA88F08-EB11-4E84-B6ED-D7DB8A2577C4}.Release|Mixed Platforms.ActiveCfg = Release|Any CPU
		{4CA88F08-EB11-4E84-B6ED-D7DB8A2577C4}.Release|Mixed Platforms.Build.0 = Release|Any CPU
		{4CA88F08-EB11-4E84-B6ED-D7DB8A2577C4}.Release|x86.ActiveCfg = Release|Any CPU
		{C569E064-6B9E-42B7-A516-348DCC371684}.Debug|Any CPU.ActiveCfg = Debug|Any CPU
		{C569E064-6B9E-42B7-A516-348DCC371684}.Debug|Any CPU.Build.0 = Debug|Any CPU
		{C569E064-6B9E-42B7-A516-348DCC371684}.Debug|Mixed Platforms.ActiveCfg = Debug|Any CPU
		{C569E064-6B9E-42B7-A516-348DCC371684}.Debug|Mixed Platforms.Build.0 = Debug|Any CPU
		{C569E064-6B9E-42B7-A516-348DCC371684}.Debug|x86.ActiveCfg = Debug|Any CPU
		{C569E064-6B9E-42B7-A516-348DCC371684}.Release|Any CPU.ActiveCfg = Release|Any CPU
		{C569E064-6B9E-42B7-A516-348DCC371684}.Release|Any CPU.Build.0 = Release|Any CPU
		{C569E064-6B9E-42B7-A516-348DCC371684}.Release|Mixed Platforms.ActiveCfg = Release|Any CPU
		{C569E064-6B9E-42B7-A516-348DCC371684}.Release|Mixed Platforms.Build.0 = Release|Any CPU
		{C569E064-6B9E-42B7-A516-348DCC371684}.Release|x86.ActiveCfg = Release|Any CPU
		{7B04E541-725C-48D2-A98A-F2E967BA9045}.Debug|Any CPU.ActiveCfg = Debug|x86
		{7B04E541-725C-48D2-A98A-F2E967BA9045}.Debug|Mixed Platforms.ActiveCfg = Debug|x86
		{7B04E541-725C-48D2-A98A-F2E967BA9045}.Debug|Mixed Platforms.Build.0 = Debug|x86
		{7B04E541-725C-48D2-A98A-F2E967BA9045}.Debug|x86.ActiveCfg = Debug|x86
		{7B04E541-725C-48D2-A98A-F2E967BA9045}.Debug|x86.Build.0 = Debug|x86
		{7B04E541-725C-48D2-A98A-F2E967BA9045}.Release|Any CPU.ActiveCfg = Release|x86
		{7B04E541-725C-48D2-A98A-F2E967BA9045}.Release|Mixed Platforms.ActiveCfg = Release|x86
		{7B04E541-725C-48D2-A98A-F2E967BA9045}.Release|Mixed Platforms.Build.0 = Release|x86
		{7B04E541-725C-48D2-A98A-F2E967BA9045}.Release|x86.ActiveCfg = Release|x86
		{7B04E541-725C-48D2-A98A-F2E967BA9045}.Release|x86.Build.0 = Release|x86
	EndGlobalSection
	GlobalSection(SolutionProperties) = preSolution
		HideSolutionNode = FALSE
	EndGlobalSection
	GlobalSection(NestedProjects) = preSolution
		{699DE579-A19E-4E7D-A154-92C8213809B1} = {20789ED6-82AE-4ACD-B1A0-0765004709BC}
		{4CA88F08-EB11-4E84-B6ED-D7DB8A2577C4} = {20789ED6-82AE-4ACD-B1A0-0765004709BC}
		{C569E064-6B9E-42B7-A516-348DCC371684} = {20789ED6-82AE-4ACD-B1A0-0765004709BC}
	EndGlobalSection
EndGlobal
